
Microsoft Visual Studio Solution File, Format Version 12.00
# Visual Studio 15
VisualStudioVersion = 15.0.27130.2020
MinimumVisualStudioVersion = 10.0.40219.1
Project("{FAE04EC0-301F-11D3-BF4B-00C04F79EFBC}") = "azclient", "azclient\azclient.csproj", "{F3ECDCA4-7DD3-4A9E-B21E-BA1A4921F469}"
EndProject
Project("{FAE04EC0-301F-11D3-BF4B-00C04F79EFBC}") = "Arkane.ZeroConf", "Arkane.ZeroConf\Arkane.ZeroConf.csproj", "{4E134AFA-89F4-4A16-ADA6-4FCF52CE9E1C}"
EndProject
Global
	GlobalSection(SolutionConfigurationPlatforms) = preSolution
		Debug|Any CPU = Debug|Any CPU
		Release|Any CPU = Release|Any CPU
	EndGlobalSection
	GlobalSection(ProjectConfigurationPlatforms) = postSolution
		{F3ECDCA4-7DD3-4A9E-B21E-BA1A4921F469}.Debug|Any CPU.ActiveCfg = Debug|Any CPU
		{F3ECDCA4-7DD3-4A9E-B21E-BA1A4921F469}.Debug|Any CPU.Build.0 = Debug|Any CPU
		{F3ECDCA4-7DD3-4A9E-B21E-BA1A4921F469}.Release|Any CPU.ActiveCfg = Release|Any CPU
		{F3ECDCA4-7DD3-4A9E-B21E-BA1A4921F469}.Release|Any CPU.Build.0 = Release|Any CPU
		{4E134AFA-89F4-4A16-ADA6-4FCF52CE9E1C}.Debug|Any CPU.ActiveCfg = Debug|Any CPU
		{4E134AFA-89F4-4A16-ADA6-4FCF52CE9E1C}.Debug|Any CPU.Build.0 = Debug|Any CPU
		{4E134AFA-89F4-4A16-ADA6-4FCF52CE9E1C}.Release|Any CPU.ActiveCfg = Release|Any CPU
		{4E134AFA-89F4-4A16-ADA6-4FCF52CE9E1C}.Release|Any CPU.Build.0 = Release|Any CPU
	EndGlobalSection
	GlobalSection(SolutionProperties) = preSolution
		HideSolutionNode = FALSE
	EndGlobalSection
	GlobalSection(ExtensibilityGlobals) = postSolution
		SolutionGuid = {7C899FEE-ACC5-4F9A-8983-D6FBDD0FD205}
	EndGlobalSection
EndGlobal
